
Microsoft Visual Studio Solution File, Format Version 12.00
# Visual Studio 15
VisualStudioVersion = 15.0.28307.106
MinimumVisualStudioVersion = 10.0.40219.1
Project("{9A19103F-16F7-4668-BE54-9A1E7A4F7556}") = "GRS.WebServices", "GRS.WebServices\GRS.WebServices.csproj", "{9FB7152F-325B-4DBA-8DD9-2EE2083A3FCB}"
EndProject
Project("{9A19103F-16F7-4668-BE54-9A1E7A4F7556}") = "GRS.Core", "GRS.Core\GRS.Core.csproj", "{E7431415-474A-408A-B763-089A6694F7D2}"
EndProject
Project("{2150E333-8FDC-42A3-9474-1A3956D46DE8}") = "Business", "Business", "{845E59CC-8530-46F0-A24E-B115281C652E}"
EndProject
Project("{9A19103F-16F7-4668-BE54-9A1E7A4F7556}") = "GRS.Business", "GRS.Business\GRS.Business.csproj", "{71FA136F-AC14-4D0A-B469-7841CAFBC592}"
EndProject
Project("{2150E333-8FDC-42A3-9474-1A3956D46DE8}") = "Data", "Data", "{9AFCF25B-4F3C-4605-82E4-7177B929052D}"
EndProject
Project("{9A19103F-16F7-4668-BE54-9A1E7A4F7556}") = "GRS.Service", "GRS.Service\GRS.Service.csproj", "{7FB66B60-15E1-42E4-BD7E-00719A690C1E}"
EndProject
Project("{9A19103F-16F7-4668-BE54-9A1E7A4F7556}") = "GRS.Dto", "GRS.Dto\GRS.Dto.csproj", "{FF33D76A-C86A-4CF2-A103-88C7A4BF9605}"
EndProject
Project("{9A19103F-16F7-4668-BE54-9A1E7A4F7556}") = "GRS.Data.Model", "GRS.Data.Model\GRS.Data.Model.csproj", "{F2C7F720-BC39-4E4E-84DA-8EC9CABE3138}"
EndProject
Project("{FAE04EC0-301F-11D3-BF4B-00C04F79EFBC}") = "GRS.Test", "GRS.Test\GRS.Test.csproj", "{289B9289-B7DC-4C64-A080-276EA1E7100F}"
EndProject
Project("{2150E333-8FDC-42A3-9474-1A3956D46DE8}") = "Tests", "Tests", "{5413538C-EB6D-4C10-9F2B-1D4BE87A6C08}"
EndProject
Global
	GlobalSection(SolutionConfigurationPlatforms) = preSolution
		Debug|Any CPU = Debug|Any CPU
		Release|Any CPU = Release|Any CPU
	EndGlobalSection
	GlobalSection(ProjectConfigurationPlatforms) = postSolution
		{9FB7152F-325B-4DBA-8DD9-2EE2083A3FCB}.Debug|Any CPU.ActiveCfg = Debug|Any CPU
		{9FB7152F-325B-4DBA-8DD9-2EE2083A3FCB}.Debug|Any CPU.Build.0 = Debug|Any CPU
		{9FB7152F-325B-4DBA-8DD9-2EE2083A3FCB}.Release|Any CPU.ActiveCfg = Release|Any CPU
		{9FB7152F-325B-4DBA-8DD9-2EE2083A3FCB}.Release|Any CPU.Build.0 = Release|Any CPU
		{E7431415-474A-408A-B763-089A6694F7D2}.Debug|Any CPU.ActiveCfg = Debug|Any CPU
		{E7431415-474A-408A-B763-089A6694F7D2}.Debug|Any CPU.Build.0 = Debug|Any CPU
		{E7431415-474A-408A-B763-089A6694F7D2}.Release|Any CPU.ActiveCfg = Release|Any CPU
		{E7431415-474A-408A-B763-089A6694F7D2}.Release|Any CPU.Build.0 = Release|Any CPU
		{71FA136F-AC14-4D0A-B469-7841CAFBC592}.Debug|Any CPU.ActiveCfg = Debug|Any CPU
		{71FA136F-AC14-4D0A-B469-7841CAFBC592}.Debug|Any CPU.Build.0 = Debug|Any CPU
		{71FA136F-AC14-4D0A-B469-7841CAFBC592}.Release|Any CPU.ActiveCfg = Release|Any CPU
		{71FA136F-AC14-4D0A-B469-7841CAFBC592}.Release|Any CPU.Build.0 = Release|Any CPU
		{7FB66B60-15E1-42E4-BD7E-00719A690C1E}.Debug|Any CPU.ActiveCfg = Debug|Any CPU
		{7FB66B60-15E1-42E4-BD7E-00719A690C1E}.Debug|Any CPU.Build.0 = Debug|Any CPU
		{7FB66B60-15E1-42E4-BD7E-00719A690C1E}.Release|Any CPU.ActiveCfg = Release|Any CPU
		{7FB66B60-15E1-42E4-BD7E-00719A690C1E}.Release|Any CPU.Build.0 = Release|Any CPU
		{FF33D76A-C86A-4CF2-A103-88C7A4BF9605}.Debug|Any CPU.ActiveCfg = Debug|Any CPU
		{FF33D76A-C86A-4CF2-A103-88C7A4BF9605}.Debug|Any CPU.Build.0 = Debug|Any CPU
		{FF33D76A-C86A-4CF2-A103-88C7A4BF9605}.Release|Any CPU.ActiveCfg = Release|Any CPU
		{FF33D76A-C86A-4CF2-A103-88C7A4BF9605}.Release|Any CPU.Build.0 = Release|Any CPU
		{F2C7F720-BC39-4E4E-84DA-8EC9CABE3138}.Debug|Any CPU.ActiveCfg = Debug|Any CPU
		{F2C7F720-BC39-4E4E-84DA-8EC9CABE3138}.Debug|Any CPU.Build.0 = Debug|Any CPU
		{F2C7F720-BC39-4E4E-84DA-8EC9CABE3138}.Release|Any CPU.ActiveCfg = Release|Any CPU
		{F2C7F720-BC39-4E4E-84DA-8EC9CABE3138}.Release|Any CPU.Build.0 = Release|Any CPU
		{289B9289-B7DC-4C64-A080-276EA1E7100F}.Debug|Any CPU.ActiveCfg = Debug|Any CPU
		{289B9289-B7DC-4C64-A080-276EA1E7100F}.Debug|Any CPU.Build.0 = Debug|Any CPU
		{289B9289-B7DC-4C64-A080-276EA1E7100F}.Release|Any CPU.ActiveCfg = Release|Any CPU
		{289B9289-B7DC-4C64-A080-276EA1E7100F}.Release|Any CPU.Build.0 = Release|Any CPU
	EndGlobalSection
	GlobalSection(SolutionProperties) = preSolution
		HideSolutionNode = FALSE
	EndGlobalSection
	GlobalSection(NestedProjects) = preSolution
		{71FA136F-AC14-4D0A-B469-7841CAFBC592} = {845E59CC-8530-46F0-A24E-B115281C652E}
		{7FB66B60-15E1-42E4-BD7E-00719A690C1E} = {845E59CC-8530-46F0-A24E-B115281C652E}
		{FF33D76A-C86A-4CF2-A103-88C7A4BF9605} = {9AFCF25B-4F3C-4605-82E4-7177B929052D}
		{F2C7F720-BC39-4E4E-84DA-8EC9CABE3138} = {9AFCF25B-4F3C-4605-82E4-7177B929052D}
		{289B9289-B7DC-4C64-A080-276EA1E7100F} = {5413538C-EB6D-4C10-9F2B-1D4BE87A6C08}
	EndGlobalSection
	GlobalSection(ExtensibilityGlobals) = postSolution
		SolutionGuid = {CC90B627-EF05-4BAB-AAA0-A758AEC8DDBA}
	EndGlobalSection
EndGlobal
